
Microsoft Visual Studio Solution File, Format Version 12.00
# Visual Studio 15
VisualStudioVersion = 15.0.28307.960
MinimumVisualStudioVersion = 10.0.40219.1
Project("{262852C6-CD72-467D-83FE-5EEB1973A190}") = "MR", "MR\MR.jsproj", "{F17E2A48-9C3C-441F-92FE-7690625CD53E}"
EndProject
Project("{FAE04EC0-301F-11D3-BF4B-00C04F79EFBC}") = "MR.API", "MR.API\MR.API.csproj", "{15AFC2AA-8B20-4EC4-80A9-76226363FBB9}"
EndProject
Project("{FAE04EC0-301F-11D3-BF4B-00C04F79EFBC}") = "MRApp", "MRApp\MRApp.csproj", "{3A3B3117-6393-4BED-8FCC-0844ECAC9C27}"
EndProject
Project("{FAE04EC0-301F-11D3-BF4B-00C04F79EFBC}") = "BM4", "BM4\BM4.csproj", "{FAFDB924-5417-4CD8-BED0-F4F805B83920}"
EndProject
Global
	GlobalSection(SolutionConfigurationPlatforms) = preSolution
		Debug|Android = Debug|Android
		Debug|Any CPU = Debug|Any CPU
		Debug|iOS = Debug|iOS
		Debug|Windows-ARM = Debug|Windows-ARM
		Debug|Windows-x64 = Debug|Windows-x64
		Debug|Windows-x86 = Debug|Windows-x86
		Release|Android = Release|Android
		Release|Any CPU = Release|Any CPU
		Release|iOS = Release|iOS
		Release|Windows-ARM = Release|Windows-ARM
		Release|Windows-x64 = Release|Windows-x64
		Release|Windows-x86 = Release|Windows-x86
	EndGlobalSection
	GlobalSection(ProjectConfigurationPlatforms) = postSolution
		{F17E2A48-9C3C-441F-92FE-7690625CD53E}.Debug|Android.ActiveCfg = Debug|Android
		{F17E2A48-9C3C-441F-92FE-7690625CD53E}.Debug|Android.Build.0 = Debug|Android
		{F17E2A48-9C3C-441F-92FE-7690625CD53E}.Debug|Android.Deploy.0 = Debug|Android
		{F17E2A48-9C3C-441F-92FE-7690625CD53E}.Debug|Any CPU.ActiveCfg = Debug|Android
		{F17E2A48-9C3C-441F-92FE-7690625CD53E}.Debug|iOS.ActiveCfg = Debug|iOS
		{F17E2A48-9C3C-441F-92FE-7690625CD53E}.Debug|iOS.Build.0 = Debug|iOS
		{F17E2A48-9C3C-441F-92FE-7690625CD53E}.Debug|iOS.Deploy.0 = Debug|iOS
		{F17E2A48-9C3C-441F-92FE-7690625CD53E}.Debug|Windows-ARM.ActiveCfg = Debug|Windows-ARM
		{F17E2A48-9C3C-441F-92FE-7690625CD53E}.Debug|Windows-ARM.Build.0 = Debug|Windows-ARM
		{F17E2A48-9C3C-441F-92FE-7690625CD53E}.Debug|Windows-ARM.Deploy.0 = Debug|Windows-ARM
		{F17E2A48-9C3C-441F-92FE-7690625CD53E}.Debug|Windows-x64.ActiveCfg = Debug|Windows-x64
		{F17E2A48-9C3C-441F-92FE-7690625CD53E}.Debug|Windows-x64.Build.0 = Debug|Windows-x64
		{F17E2A48-9C3C-441F-92FE-7690625CD53E}.Debug|Windows-x64.Deploy.0 = Debug|Windows-x64
		{F17E2A48-9C3C-441F-92FE-7690625CD53E}.Debug|Windows-x86.ActiveCfg = Debug|Windows-x86
		{F17E2A48-9C3C-441F-92FE-7690625CD53E}.Debug|Windows-x86.Build.0 = Debug|Windows-x86
		{F17E2A48-9C3C-441F-92FE-7690625CD53E}.Debug|Windows-x86.Deploy.0 = Debug|Windows-x86
		{F17E2A48-9C3C-441F-92FE-7690625CD53E}.Release|Android.ActiveCfg = Release|Android
		{F17E2A48-9C3C-441F-92FE-7690625CD53E}.Release|Android.Build.0 = Release|Android
		{F17E2A48-9C3C-441F-92FE-7690625CD53E}.Release|Android.Deploy.0 = Release|Android
		{F17E2A48-9C3C-441F-92FE-7690625CD53E}.Release|Any CPU.ActiveCfg = Release|Android
		{F17E2A48-9C3C-441F-92FE-7690625CD53E}.Release|iOS.ActiveCfg = Release|iOS
		{F17E2A48-9C3C-441F-92FE-7690625CD53E}.Release|iOS.Build.0 = Release|iOS
		{F17E2A48-9C3C-441F-92FE-7690625CD53E}.Release|iOS.Deploy.0 = Release|iOS
		{F17E2A48-9C3C-441F-92FE-7690625CD53E}.Release|Windows-ARM.ActiveCfg = Release|Windows-ARM
		{F17E2A48-9C3C-441F-92FE-7690625CD53E}.Release|Windows-ARM.Build.0 = Release|Windows-ARM
		{F17E2A48-9C3C-441F-92FE-7690625CD53E}.Release|Windows-ARM.Deploy.0 = Release|Windows-ARM
		{F17E2A48-9C3C-441F-92FE-7690625CD53E}.Release|Windows-x64.ActiveCfg = Release|Windows-x64
		{F17E2A48-9C3C-441F-92FE-7690625CD53E}.Release|Windows-x64.Build.0 = Release|Windows-x64
		{F17E2A48-9C3C-441F-92FE-7690625CD53E}.Release|Windows-x64.Deploy.0 = Release|Windows-x64
		{F17E2A48-9C3C-441F-92FE-7690625CD53E}.Release|Windows-x86.ActiveCfg = Release|Windows-x86
		{F17E2A48-9C3C-441F-92FE-7690625CD53E}.Release|Windows-x86.Build.0 = Release|Windows-x86
		{F17E2A48-9C3C-441F-92FE-7690625CD53E}.Release|Windows-x86.Deploy.0 = Release|Windows-x86
		{15AFC2AA-8B20-4EC4-80A9-76226363FBB9}.Debug|Android.ActiveCfg = Debug|Any CPU
		{15AFC2AA-8B20-4EC4-80A9-76226363FBB9}.Debug|Android.Build.0 = Debug|Any CPU
		{15AFC2AA-8B20-4EC4-80A9-76226363FBB9}.Debug|Any CPU.ActiveCfg = Debug|Any CPU
		{15AFC2AA-8B20-4EC4-80A9-76226363FBB9}.Debug|Any CPU.Build.0 = Debug|Any CPU
		{15AFC2AA-8B20-4EC4-80A9-76226363FBB9}.Debug|iOS.ActiveCfg = Debug|Any CPU
		{15AFC2AA-8B20-4EC4-80A9-76226363FBB9}.Debug|iOS.Build.0 = Debug|Any CPU
		{15AFC2AA-8B20-4EC4-80A9-76226363FBB9}.Debug|Windows-ARM.ActiveCfg = Debug|Any CPU
		{15AFC2AA-8B20-4EC4-80A9-76226363FBB9}.Debug|Windows-ARM.Build.0 = Debug|Any CPU
		{15AFC2AA-8B20-4EC4-80A9-76226363FBB9}.Debug|Windows-x64.ActiveCfg = Debug|Any CPU
		{15AFC2AA-8B20-4EC4-80A9-76226363FBB9}.Debug|Windows-x64.Build.0 = Debug|Any CPU
		{15AFC2AA-8B20-4EC4-80A9-76226363FBB9}.Debug|Windows-x86.ActiveCfg = Debug|Any CPU
		{15AFC2AA-8B20-4EC4-80A9-76226363FBB9}.Debug|Windows-x86.Build.0 = Debug|Any CPU
		{15AFC2AA-8B20-4EC4-80A9-76226363FBB9}.Release|Android.ActiveCfg = Release|Any CPU
		{15AFC2AA-8B20-4EC4-80A9-76226363FBB9}.Release|Android.Build.0 = Release|Any CPU
		{15AFC2AA-8B20-4EC4-80A9-76226363FBB9}.Release|Any CPU.ActiveCfg = Release|Any CPU
		{15AFC2AA-8B20-4EC4-80A9-76226363FBB9}.Release|Any CPU.Build.0 = Release|Any CPU
		{15AFC2AA-8B20-4EC4-80A9-76226363FBB9}.Release|iOS.ActiveCfg = Release|Any CPU
		{15AFC2AA-8B20-4EC4-80A9-76226363FBB9}.Release|iOS.Build.0 = Release|Any CPU
		{15AFC2AA-8B20-4EC4-80A9-76226363FBB9}.Release|Windows-ARM.ActiveCfg = Release|Any CPU
		{15AFC2AA-8B20-4EC4-80A9-76226363FBB9}.Release|Windows-ARM.Build.0 = Release|Any CPU
		{15AFC2AA-8B20-4EC4-80A9-76226363FBB9}.Release|Windows-x64.ActiveCfg = Release|Any CPU
		{15AFC2AA-8B20-4EC4-80A9-76226363FBB9}.Release|Windows-x64.Build.0 = Release|Any CPU
		{15AFC2AA-8B20-4EC4-80A9-76226363FBB9}.Release|Windows-x86.ActiveCfg = Release|Any CPU
		{15AFC2AA-8B20-4EC4-80A9-76226363FBB9}.Release|Windows-x86.Build.0 = Release|Any CPU
		{3A3B3117-6393-4BED-8FCC-0844ECAC9C27}.Debug|Android.ActiveCfg = Debug|Any CPU
		{3A3B3117-6393-4BED-8FCC-0844ECAC9C27}.Debug|Android.Build.0 = Debug|Any CPU
		{3A3B3117-6393-4BED-8FCC-0844ECAC9C27}.Debug|Any CPU.ActiveCfg = Debug|Any CPU
		{3A3B3117-6393-4BED-8FCC-0844ECAC9C27}.Debug|Any CPU.Build.0 = Debug|Any CPU
		{3A3B3117-6393-4BED-8FCC-0844ECAC9C27}.Debug|iOS.ActiveCfg = Debug|Any CPU
		{3A3B3117-6393-4BED-8FCC-0844ECAC9C27}.Debug|iOS.Build.0 = Debug|Any CPU
		{3A3B3117-6393-4BED-8FCC-0844ECAC9C27}.Debug|Windows-ARM.ActiveCfg = Debug|Any CPU
		{3A3B3117-6393-4BED-8FCC-0844ECAC9C27}.Debug|Windows-ARM.Build.0 = Debug|Any CPU
		{3A3B3117-6393-4BED-8FCC-0844ECAC9C27}.Debug|Windows-x64.ActiveCfg = Debug|Any CPU
		{3A3B3117-6393-4BED-8FCC-0844ECAC9C27}.Debug|Windows-x64.Build.0 = Debug|Any CPU
		{3A3B3117-6393-4BED-8FCC-0844ECAC9C27}.Debug|Windows-x86.ActiveCfg = Debug|Any CPU
		{3A3B3117-6393-4BED-8FCC-0844ECAC9C27}.Debug|Windows-x86.Build.0 = Debug|Any CPU
		{3A3B3117-6393-4BED-8FCC-0844ECAC9C27}.Release|Android.ActiveCfg = Release|Any CPU
		{3A3B3117-6393-4BED-8FCC-0844ECAC9C27}.Release|Android.Build.0 = Release|Any CPU
		{3A3B3117-6393-4BED-8FCC-0844ECAC9C27}.Release|Any CPU.ActiveCfg = Release|Any CPU
		{3A3B3117-6393-4BED-8FCC-0844ECAC9C27}.Release|Any CPU.Build.0 = Release|Any CPU
		{3A3B3117-6393-4BED-8FCC-0844ECAC9C27}.Release|iOS.ActiveCfg = Release|Any CPU
		{3A3B3117-6393-4BED-8FCC-0844ECAC9C27}.Release|iOS.Build.0 = Release|Any CPU
		{3A3B3117-6393-4BED-8FCC-0844ECAC9C27}.Release|Windows-ARM.ActiveCfg = Release|Any CPU
		{3A3B3117-6393-4BED-8FCC-0844ECAC9C27}.Release|Windows-ARM.Build.0 = Release|Any CPU
		{3A3B3117-6393-4BED-8FCC-0844ECAC9C27}.Release|Windows-x64.ActiveCfg = Release|Any CPU
		{3A3B3117-6393-4BED-8FCC-0844ECAC9C27}.Release|Windows-x64.Build.0 = Release|Any CPU
		{3A3B3117-6393-4BED-8FCC-0844ECAC9C27}.Release|Windows-x86.ActiveCfg = Release|Any CPU
		{3A3B3117-6393-4BED-8FCC-0844ECAC9C27}.Release|Windows-x86.Build.0 = Release|Any CPU
		{FAFDB924-5417-4CD8-BED0-F4F805B83920}.Debug|Android.ActiveCfg = Debug|Any CPU
		{FAFDB924-5417-4CD8-BED0-F4F805B83920}.Debug|Android.Build.0 = Debug|Any CPU
		{FAFDB924-5417-4CD8-BED0-F4F805B83920}.Debug|Any CPU.ActiveCfg = Debug|Any CPU
		{FAFDB924-5417-4CD8-BED0-F4F805B83920}.Debug|Any CPU.Build.0 = Debug|Any CPU
		{FAFDB924-5417-4CD8-BED0-F4F805B83920}.Debug|iOS.ActiveCfg = Debug|Any CPU
		{FAFDB924-5417-4CD8-BED0-F4F805B83920}.Debug|iOS.Build.0 = Debug|Any CPU
		{FAFDB924-5417-4CD8-BED0-F4F805B83920}.Debug|Windows-ARM.ActiveCfg = Debug|Any CPU
		{FAFDB924-5417-4CD8-BED0-F4F805B83920}.Debug|Windows-ARM.Build.0 = Debug|Any CPU
		{FAFDB924-5417-4CD8-BED0-F4F805B83920}.Debug|Windows-x64.ActiveCfg = Debug|Any CPU
		{FAFDB924-5417-4CD8-BED0-F4F805B83920}.Debug|Windows-x64.Build.0 = Debug|Any CPU
		{FAFDB924-5417-4CD8-BED0-F4F805B83920}.Debug|Windows-x86.ActiveCfg = Debug|Any CPU
		{FAFDB924-5417-4CD8-BED0-F4F805B83920}.Debug|Windows-x86.Build.0 = Debug|Any CPU
		{FAFDB924-5417-4CD8-BED0-F4F805B83920}.Release|Android.ActiveCfg = Release|Any CPU
		{FAFDB924-5417-4CD8-BED0-F4F805B83920}.Release|Android.Build.0 = Release|Any CPU
		{FAFDB924-5417-4CD8-BED0-F4F805B83920}.Release|Any CPU.ActiveCfg = Release|Any CPU
		{FAFDB924-5417-4CD8-BED0-F4F805B83920}.Release|Any CPU.Build.0 = Release|Any CPU
		{FAFDB924-5417-4CD8-BED0-F4F805B83920}.Release|iOS.ActiveCfg = Release|Any CPU
		{FAFDB924-5417-4CD8-BED0-F4F805B83920}.Release|iOS.Build.0 = Release|Any CPU
		{FAFDB924-5417-4CD8-BED0-F4F805B83920}.Release|Windows-ARM.ActiveCfg = Release|Any CPU
		{FAFDB924-5417-4CD8-BED0-F4F805B83920}.Release|Windows-ARM.Build.0 = Release|Any CPU
		{FAFDB924-5417-4CD8-BED0-F4F805B83920}.Release|Windows-x64.ActiveCfg = Release|Any CPU
		{FAFDB924-5417-4CD8-BED0-F4F805B83920}.Release|Windows-x64.Build.0 = Release|Any CPU
		{FAFDB924-5417-4CD8-BED0-F4F805B83920}.Release|Windows-x86.ActiveCfg = Release|Any CPU
		{FAFDB924-5417-4CD8-BED0-F4F805B83920}.Release|Windows-x86.Build.0 = Release|Any CPU
	EndGlobalSection
	GlobalSection(SolutionProperties) = preSolution
		HideSolutionNode = FALSE
	EndGlobalSection
	GlobalSection(ExtensibilityGlobals) = postSolution
		SolutionGuid = {A0882CC6-17F8-4328-ACBE-AD0ABBCC70AF}
	EndGlobalSection
EndGlobal
